
Microsoft Visual Studio Solution File, Format Version 12.00
# Visual Studio 15
Project("{FAE04EC0-301F-11D3-BF4B-00C04F79EFBC}") = "Assembly-CSharp", "Assembly-CSharp.csproj", "{DFE5FDAE-AC5E-CDF5-1057-0988F89EEA52}"
EndProject
Project("{FAE04EC0-301F-11D3-BF4B-00C04F79EFBC}") = "Assembly-CSharp-Editor", "Assembly-CSharp-Editor.csproj", "{48BACCF9-1ACE-755D-753B-8DEC7E833521}"
EndProject
Global
	GlobalSection(SolutionConfigurationPlatforms) = preSolution
		Debug|Any CPU = Debug|Any CPU
		Release|Any CPU = Release|Any CPU
	EndGlobalSection
	GlobalSection(ProjectConfigurationPlatforms) = postSolution
		{DFE5FDAE-AC5E-CDF5-1057-0988F89EEA52}.Debug|Any CPU.ActiveCfg = Debug|Any CPU
		{DFE5FDAE-AC5E-CDF5-1057-0988F89EEA52}.Debug|Any CPU.Build.0 = Debug|Any CPU
		{DFE5FDAE-AC5E-CDF5-1057-0988F89EEA52}.Release|Any CPU.ActiveCfg = Release|Any CPU
		{DFE5FDAE-AC5E-CDF5-1057-0988F89EEA52}.Release|Any CPU.Build.0 = Release|Any CPU
		{48BACCF9-1ACE-755D-753B-8DEC7E833521}.Debug|Any CPU.ActiveCfg = Debug|Any CPU
		{48BACCF9-1ACE-755D-753B-8DEC7E833521}.Debug|Any CPU.Build.0 = Debug|Any CPU
		{48BACCF9-1ACE-755D-753B-8DEC7E833521}.Release|Any CPU.ActiveCfg = Release|Any CPU
		{48BACCF9-1ACE-755D-753B-8DEC7E833521}.Release|Any CPU.Build.0 = Release|Any CPU
	EndGlobalSection
	GlobalSection(SolutionProperties) = preSolution
		HideSolutionNode = FALSE
	EndGlobalSection
EndGlobal
